// !$*UTF8*$!
{
	archiveVersion = 1;
	classes = {
	};
	objectVersion = 46;
	objects = {

/* Begin PBXBuildFile section */
		2C17F3671BF2B1AE0054D96E /* FutureW.swift in Sources */ = {isa = PBXBuildFile; fileRef = 2C17F3661BF2B1AE0054D96E /* FutureW.swift */; };
		2C2019111BF396ED00F57B9B /* CoreLocation.framework in Frameworks */ = {isa = PBXBuildFile; fileRef = 2C2019101BF396ED00F57B9B /* CoreLocation.framework */; };
		2C4663D51BDD9EF2007CCD21 /* AppDelegate.swift in Sources */ = {isa = PBXBuildFile; fileRef = 2C4663D41BDD9EF2007CCD21 /* AppDelegate.swift */; };
		2C4663D71BDD9EF2007CCD21 /* ViewController.swift in Sources */ = {isa = PBXBuildFile; fileRef = 2C4663D61BDD9EF2007CCD21 /* ViewController.swift */; };
		2C4663DA1BDD9EF2007CCD21 /* Main.storyboard in Resources */ = {isa = PBXBuildFile; fileRef = 2C4663D81BDD9EF2007CCD21 /* Main.storyboard */; };
		2C4663DC1BDD9EF2007CCD21 /* Assets.xcassets in Resources */ = {isa = PBXBuildFile; fileRef = 2C4663DB1BDD9EF2007CCD21 /* Assets.xcassets */; };
		2C4663DF1BDD9EF2007CCD21 /* LaunchScreen.storyboard in Resources */ = {isa = PBXBuildFile; fileRef = 2C4663DD1BDD9EF2007CCD21 /* LaunchScreen.storyboard */; };
		2C4663EA1BDD9EF2007CCD21 /* WeatherTests.swift in Sources */ = {isa = PBXBuildFile; fileRef = 2C4663E91BDD9EF2007CCD21 /* WeatherTests.swift */; };
		2C4663F51BDD9EF2007CCD21 /* WeatherUITests.swift in Sources */ = {isa = PBXBuildFile; fileRef = 2C4663F41BDD9EF2007CCD21 /* WeatherUITests.swift */; };
		2C4664071BDEB633007CCD21 /* Constants.swift in Sources */ = {isa = PBXBuildFile; fileRef = 2C4664061BDEB633007CCD21 /* Constants.swift */; };
		2C46640E1BDEB835007CCD21 /* CurrentW.swift in Sources */ = {isa = PBXBuildFile; fileRef = 2C46640D1BDEB835007CCD21 /* CurrentW.swift */; };
		D48E4996CFC9F4540C9936C7 /* Pods_Weather.framework in Frameworks */ = {isa = PBXBuildFile; fileRef = A21AAE04144C71634C2D97F5 /* Pods_Weather.framework */; };
/* End PBXBuildFile section */

/* Begin PBXContainerItemProxy section */
		2C4663E61BDD9EF2007CCD21 /* PBXContainerItemProxy */ = {
			isa = PBXContainerItemProxy;
			containerPortal = 2C4663C91BDD9EF1007CCD21 /* Project object */;
			proxyType = 1;
			remoteGlobalIDString = 2C4663D01BDD9EF1007CCD21;
			remoteInfo = Weather;
		};
		2C4663F11BDD9EF2007CCD21 /* PBXContainerItemProxy */ = {
			isa = PBXContainerItemProxy;
			containerPortal = 2C4663C91BDD9EF1007CCD21 /* Project object */;
			proxyType = 1;
			remoteGlobalIDString = 2C4663D01BDD9EF1007CCD21;
			remoteInfo = Weather;
		};
/* End PBXContainerItemProxy section */

/* Begin PBXFileReference section */
		118FE2EC48D32E20544D3A5A /* Pods-Weather.debug.xcconfig */ = {isa = PBXFileReference; includeInIndex = 1; lastKnownFileType = text.xcconfig; name = "Pods-Weather.debug.xcconfig"; path = "Pods/Target Support Files/Pods-Weather/Pods-Weather.debug.xcconfig"; sourceTree = "<group>"; };
		2C17F3661BF2B1AE0054D96E /* FutureW.swift */ = {isa = PBXFileReference; fileEncoding = 4; lastKnownFileType = sourcecode.swift; path = FutureW.swift; sourceTree = "<group>"; };
		2C2019101BF396ED00F57B9B /* CoreLocation.framework */ = {isa = PBXFileReference; lastKnownFileType = wrapper.framework; name = CoreLocation.framework; path = System/Library/Frameworks/CoreLocation.framework; sourceTree = SDKROOT; };
		2C4663D11BDD9EF1007CCD21 /* Weather.app */ = {isa = PBXFileReference; explicitFileType = wrapper.application; includeInIndex = 0; path = Weather.app; sourceTree = BUILT_PRODUCTS_DIR; };
		2C4663D41BDD9EF2007CCD21 /* AppDelegate.swift */ = {isa = PBXFileReference; lastKnownFileType = sourcecode.swift; path = AppDelegate.swift; sourceTree = "<group>"; };
		2C4663D61BDD9EF2007CCD21 /* ViewController.swift */ = {isa = PBXFileReference; lastKnownFileType = sourcecode.swift; path = ViewController.swift; sourceTree = "<group>"; };
		2C4663D91BDD9EF2007CCD21 /* Base */ = {isa = PBXFileReference; lastKnownFileType = file.storyboard; name = Base; path = Base.lproj/Main.storyboard; sourceTree = "<group>"; };
		2C4663DB1BDD9EF2007CCD21 /* Assets.xcassets */ = {isa = PBXFileReference; lastKnownFileType = folder.assetcatalog; path = Assets.xcassets; sourceTree = "<group>"; };
		2C4663DE1BDD9EF2007CCD21 /* Base */ = {isa = PBXFileReference; lastKnownFileType = file.storyboard; name = Base; path = Base.lproj/LaunchScreen.storyboard; sourceTree = "<group>"; };
		2C4663E01BDD9EF2007CCD21 /* Info.plist */ = {isa = PBXFileReference; lastKnownFileType = text.plist.xml; path = Info.plist; sourceTree = "<group>"; };
		2C4663E51BDD9EF2007CCD21 /* WeatherTests.xctest */ = {isa = PBXFileReference; explicitFileType = wrapper.cfbundle; includeInIndex = 0; path = WeatherTests.xctest; sourceTree = BUILT_PRODUCTS_DIR; };
		2C4663E91BDD9EF2007CCD21 /* WeatherTests.swift */ = {isa = PBXFileReference; lastKnownFileType = sourcecode.swift; path = WeatherTests.swift; sourceTree = "<group>"; };
		2C4663EB1BDD9EF2007CCD21 /* Info.plist */ = {isa = PBXFileReference; lastKnownFileType = text.plist.xml; path = Info.plist; sourceTree = "<group>"; };
		2C4663F01BDD9EF2007CCD21 /* WeatherUITests.xctest */ = {isa = PBXFileReference; explicitFileType = wrapper.cfbundle; includeInIndex = 0; path = WeatherUITests.xctest; sourceTree = BUILT_PRODUCTS_DIR; };
		2C4663F41BDD9EF2007CCD21 /* WeatherUITests.swift */ = {isa = PBXFileReference; lastKnownFileType = sourcecode.swift; path = WeatherUITests.swift; sourceTree = "<group>"; };
		2C4663F61BDD9EF2007CCD21 /* Info.plist */ = {isa = PBXFileReference; lastKnownFileType = text.plist.xml; path = Info.plist; sourceTree = "<group>"; };
		2C4664061BDEB633007CCD21 /* Constants.swift */ = {isa = PBXFileReference; fileEncoding = 4; lastKnownFileType = sourcecode.swift; path = Constants.swift; sourceTree = "<group>"; };
		2C46640D1BDEB835007CCD21 /* CurrentW.swift */ = {isa = PBXFileReference; fileEncoding = 4; lastKnownFileType = sourcecode.swift; path = CurrentW.swift; sourceTree = "<group>"; };
		A21AAE04144C71634C2D97F5 /* Pods_Weather.framework */ = {isa = PBXFileReference; explicitFileType = wrapper.framework; includeInIndex = 0; path = Pods_Weather.framework; sourceTree = BUILT_PRODUCTS_DIR; };
		D34791BC140E257B77718A67 /* Pods-Weather.release.xcconfig */ = {isa = PBXFileReference; includeInIndex = 1; lastKnownFileType = text.xcconfig; name = "Pods-Weather.release.xcconfig"; path = "Pods/Target Support Files/Pods-Weather/Pods-Weather.release.xcconfig"; sourceTree = "<group>"; };
/* End PBXFileReference section */

/* Begin PBXFrameworksBuildPhase section */
		2C4663CE1BDD9EF1007CCD21 /* Frameworks */ = {
			isa = PBXFrameworksBuildPhase;
			buildActionMask = 2147483647;
			files = (
				2C2019111BF396ED00F57B9B /* CoreLocation.framework in Frameworks */,
				D48E4996CFC9F4540C9936C7 /* Pods_Weather.framework in Frameworks */,
			);
			runOnlyForDeploymentPostprocessing = 0;
		};
		2C4663E21BDD9EF2007CCD21 /* Frameworks */ = {
			isa = PBXFrameworksBuildPhase;
			buildActionMask = 2147483647;
			files = (
			);
			runOnlyForDeploymentPostprocessing = 0;
		};
		2C4663ED1BDD9EF2007CCD21 /* Frameworks */ = {
			isa = PBXFrameworksBuildPhase;
			buildActionMask = 2147483647;
			files = (
			);
			runOnlyForDeploymentPostprocessing = 0;
		};
/* End PBXFrameworksBuildPhase section */

/* Begin PBXGroup section */
		096BE54F7483C71127C3988B /* Frameworks */ = {
			isa = PBXGroup;
			children = (
				2C2019101BF396ED00F57B9B /* CoreLocation.framework */,
				A21AAE04144C71634C2D97F5 /* Pods_Weather.framework */,
			);
			name = Frameworks;
			sourceTree = "<group>";
		};
		2C4663C81BDD9EF1007CCD21 = {
			isa = PBXGroup;
			children = (
				2C4663D31BDD9EF2007CCD21 /* Weather */,
				2C4663E81BDD9EF2007CCD21 /* WeatherTests */,
				2C4663F31BDD9EF2007CCD21 /* WeatherUITests */,
				2C4663D21BDD9EF1007CCD21 /* Products */,
				D1CBAC3EFDE5A3E88E321A67 /* Pods */,
				096BE54F7483C71127C3988B /* Frameworks */,
			);
			sourceTree = "<group>";
		};
		2C4663D21BDD9EF1007CCD21 /* Products */ = {
			isa = PBXGroup;
			children = (
				2C4663D11BDD9EF1007CCD21 /* Weather.app */,
				2C4663E51BDD9EF2007CCD21 /* WeatherTests.xctest */,
				2C4663F01BDD9EF2007CCD21 /* WeatherUITests.xctest */,
			);
			name = Products;
			sourceTree = "<group>";
		};
		2C4663D31BDD9EF2007CCD21 /* Weather */ = {
			isa = PBXGroup;
			children = (
				2C4664091BDEB7D3007CCD21 /* View */,
				2C46640A1BDEB7DC007CCD21 /* Controller */,
				2C4664081BDEB7C9007CCD21 /* Model */,
				2C4664051BDEB618007CCD21 /* Utilities */,
				2C4663D41BDD9EF2007CCD21 /* AppDelegate.swift */,
				2C4663D81BDD9EF2007CCD21 /* Main.storyboard */,
				2C4663DB1BDD9EF2007CCD21 /* Assets.xcassets */,
				2C4663DD1BDD9EF2007CCD21 /* LaunchScreen.storyboard */,
				2C4663E01BDD9EF2007CCD21 /* Info.plist */,
			);
			path = Weather;
			sourceTree = "<group>";
		};
		2C4663E81BDD9EF2007CCD21 /* WeatherTests */ = {
			isa = PBXGroup;
			children = (
				2C4663E91BDD9EF2007CCD21 /* WeatherTests.swift */,
				2C4663EB1BDD9EF2007CCD21 /* Info.plist */,
			);
			path = WeatherTests;
			sourceTree = "<group>";
		};
		2C4663F31BDD9EF2007CCD21 /* WeatherUITests */ = {
			isa = PBXGroup;
			children = (
				2C4663F41BDD9EF2007CCD21 /* WeatherUITests.swift */,
				2C4663F61BDD9EF2007CCD21 /* Info.plist */,
			);
			path = WeatherUITests;
			sourceTree = "<group>";
		};
		2C4664051BDEB618007CCD21 /* Utilities */ = {
			isa = PBXGroup;
			children = (
				2C4664061BDEB633007CCD21 /* Constants.swift */,
			);
			name = Utilities;
			sourceTree = "<group>";
		};
		2C4664081BDEB7C9007CCD21 /* Model */ = {
			isa = PBXGroup;
			children = (
				2C17F3661BF2B1AE0054D96E /* FutureW.swift */,
				2C46640D1BDEB835007CCD21 /* CurrentW.swift */,
			);
			name = Model;
			sourceTree = "<group>";
		};
		2C4664091BDEB7D3007CCD21 /* View */ = {
			isa = PBXGroup;
			children = (
			);
			name = View;
			sourceTree = "<group>";
		};
		2C46640A1BDEB7DC007CCD21 /* Controller */ = {
			isa = PBXGroup;
			children = (
				2C4663D61BDD9EF2007CCD21 /* ViewController.swift */,
			);
			name = Controller;
			sourceTree = "<group>";
		};
		D1CBAC3EFDE5A3E88E321A67 /* Pods */ = {
			isa = PBXGroup;
			children = (
				118FE2EC48D32E20544D3A5A /* Pods-Weather.debug.xcconfig */,
				D34791BC140E257B77718A67 /* Pods-Weather.release.xcconfig */,
			);
			name = Pods;
			sourceTree = "<group>";
		};
/* End PBXGroup section */

/* Begin PBXNativeTarget section */
		2C4663D01BDD9EF1007CCD21 /* Weather */ = {
			isa = PBXNativeTarget;
			buildConfigurationList = 2C4663F91BDD9EF2007CCD21 /* Build configuration list for PBXNativeTarget "Weather" */;
			buildPhases = (
				9499E247E449D8333AA83323 /* Check Pods Manifest.lock */,
				2C4663CD1BDD9EF1007CCD21 /* Sources */,
				2C4663CE1BDD9EF1007CCD21 /* Frameworks */,
				2C4663CF1BDD9EF1007CCD21 /* Resources */,
				0C4CBD9D6BADC494A607E4DC /* Embed Pods Frameworks */,
				C32061FDDA3ECE18D225188B /* Copy Pods Resources */,
			);
			buildRules = (
			);
			dependencies = (
			);
			name = Weather;
			productName = Weather;
			productReference = 2C4663D11BDD9EF1007CCD21 /* Weather.app */;
			productType = "com.apple.product-type.application";
		};
		2C4663E41BDD9EF2007CCD21 /* WeatherTests */ = {
			isa = PBXNativeTarget;
			buildConfigurationList = 2C4663FC1BDD9EF2007CCD21 /* Build configuration list for PBXNativeTarget "WeatherTests" */;
			buildPhases = (
				2C4663E11BDD9EF2007CCD21 /* Sources */,
				2C4663E21BDD9EF2007CCD21 /* Frameworks */,
				2C4663E31BDD9EF2007CCD21 /* Resources */,
			);
			buildRules = (
			);
			dependencies = (
				2C4663E71BDD9EF2007CCD21 /* PBXTargetDependency */,
			);
			name = WeatherTests;
			productName = WeatherTests;
			productReference = 2C4663E51BDD9EF2007CCD21 /* WeatherTests.xctest */;
			productType = "com.apple.product-type.bundle.unit-test";
		};
		2C4663EF1BDD9EF2007CCD21 /* WeatherUITests */ = {
			isa = PBXNativeTarget;
			buildConfigurationList = 2C4663FF1BDD9EF2007CCD21 /* Build configuration list for PBXNativeTarget "WeatherUITests" */;
			buildPhases = (
				2C4663EC1BDD9EF2007CCD21 /* Sources */,
				2C4663ED1BDD9EF2007CCD21 /* Frameworks */,
				2C4663EE1BDD9EF2007CCD21 /* Resources */,
			);
			buildRules = (
			);
			dependencies = (
				2C4663F21BDD9EF2007CCD21 /* PBXTargetDependency */,
			);
			name = WeatherUITests;
			productName = WeatherUITests;
			productReference = 2C4663F01BDD9EF2007CCD21 /* WeatherUITests.xctest */;
			productType = "com.apple.product-type.bundle.ui-testing";
		};
/* End PBXNativeTarget section */

/* Begin PBXProject section */
		2C4663C91BDD9EF1007CCD21 /* Project object */ = {
			isa = PBXProject;
			attributes = {
				LastSwiftUpdateCheck = 0710;
				LastUpgradeCheck = 0710;
				ORGANIZATIONNAME = "Matthew Maher";
				TargetAttributes = {
					2C4663D01BDD9EF1007CCD21 = {
						CreatedOnToolsVersion = 7.1;
						DevelopmentTeam = RCJFFV5UHS;
					};
					2C4663E41BDD9EF2007CCD21 = {
						CreatedOnToolsVersion = 7.1;
						TestTargetID = 2C4663D01BDD9EF1007CCD21;
					};
					2C4663EF1BDD9EF2007CCD21 = {
						CreatedOnToolsVersion = 7.1;
						TestTargetID = 2C4663D01BDD9EF1007CCD21;
					};
				};
			};
			buildConfigurationList = 2C4663CC1BDD9EF1007CCD21 /* Build configuration list for PBXProject "Weather" */;
			compatibilityVersion = "Xcode 3.2";
			developmentRegion = English;
			hasScannedForEncodings = 0;
			knownRegions = (
				en,
				Base,
			);
			mainGroup = 2C4663C81BDD9EF1007CCD21;
			productRefGroup = 2C4663D21BDD9EF1007CCD21 /* Products */;
			projectDirPath = "";
			projectRoot = "";
			targets = (
				2C4663D01BDD9EF1007CCD21 /* Weather */,
				2C4663E41BDD9EF2007CCD21 /* WeatherTests */,
				2C4663EF1BDD9EF2007CCD21 /* WeatherUITests */,
			);
		};
/* End PBXProject section */

/* Begin PBXResourcesBuildPhase section */
		2C4663CF1BDD9EF1007CCD21 /* Resources */ = {
			isa = PBXResourcesBuildPhase;
			buildActionMask = 2147483647;
			files = (
				2C4663DF1BDD9EF2007CCD21 /* LaunchScreen.storyboard in Resources */,
				2C4663DC1BDD9EF2007CCD21 /* Assets.xcassets in Resources */,
				2C4663DA1BDD9EF2007CCD21 /* Main.storyboard in Resources */,
			);
			runOnlyForDeploymentPostprocessing = 0;
		};
		2C4663E31BDD9EF2007CCD21 /* Resources */ = {
			isa = PBXResourcesBuildPhase;
			buildActionMask = 2147483647;
			files = (
			);
			runOnlyForDeploymentPostprocessing = 0;
		};
		2C4663EE1BDD9EF2007CCD21 /* Resources */ = {
			isa = PBXResourcesBuildPhase;
			buildActionMask = 2147483647;
			files = (
			);
			runOnlyForDeploymentPostprocessing = 0;
		};
/* End PBXResourcesBuildPhase section */

/* Begin PBXShellScriptBuildPhase section */
		0C4CBD9D6BADC494A607E4DC /* Embed Pods Frameworks */ = {
			isa = PBXShellScriptBuildPhase;
			buildActionMask = 2147483647;
			files = (
			);
			inputPaths = (
			);
			name = "Embed Pods Frameworks";
			outputPaths = (
			);
			runOnlyForDeploymentPostprocessing = 0;
			shellPath = /bin/sh;
			shellScript = "\"${SRCROOT}/Pods/Target Support Files/Pods-Weather/Pods-Weather-frameworks.sh\"\n";
			showEnvVarsInLog = 0;
		};
		9499E247E449D8333AA83323 /* Check Pods Manifest.lock */ = {
			isa = PBXShellScriptBuildPhase;
			buildActionMask = 2147483647;
			files = (
			);
			inputPaths = (
			);
			name = "Check Pods Manifest.lock";
			outputPaths = (
			);
			runOnlyForDeploymentPostprocessing = 0;
			shellPath = /bin/sh;
			shellScript = "diff \"${PODS_ROOT}/../Podfile.lock\" \"${PODS_ROOT}/Manifest.lock\" > /dev/null\nif [[ $? != 0 ]] ; then\n    cat << EOM\nerror: The sandbox is not in sync with the Podfile.lock. Run 'pod install' or update your CocoaPods installation.\nEOM\n    exit 1\nfi\n";
			showEnvVarsInLog = 0;
		};
		C32061FDDA3ECE18D225188B /* Copy Pods Resources */ = {
			isa = PBXShellScriptBuildPhase;
			buildActionMask = 2147483647;
			files = (
			);
			inputPaths = (
			);
			name = "Copy Pods Resources";
			outputPaths = (
			);
			runOnlyForDeploymentPostprocessing = 0;
			shellPath = /bin/sh;
			shellScript = "\"${SRCROOT}/Pods/Target Support Files/Pods-Weather/Pods-Weather-resources.sh\"\n";
			showEnvVarsInLog = 0;
		};
/* End PBXShellScriptBuildPhase section */

/* Begin PBXSourcesBuildPhase section */
		2C4663CD1BDD9EF1007CCD21 /* Sources */ = {
			isa = PBXSourcesBuildPhase;
			buildActionMask = 2147483647;
			files = (
				2C4663D71BDD9EF2007CCD21 /* ViewController.swift in Sources */,
				2C4663D51BDD9EF2007CCD21 /* AppDelegate.swift in Sources */,
				2C4664071BDEB633007CCD21 /* Constants.swift in Sources */,
				2C17F3671BF2B1AE0054D96E /* FutureW.swift in Sources */,
				2C46640E1BDEB835007CCD21 /* CurrentW.swift in Sources */,
			);
			runOnlyForDeploymentPostprocessing = 0;
		};
		2C4663E11BDD9EF2007CCD21 /* Sources */ = {
			isa = PBXSourcesBuildPhase;
			buildActionMask = 2147483647;
			files = (
				2C4663EA1BDD9EF2007CCD21 /* WeatherTests.swift in Sources */,
			);
			runOnlyForDeploymentPostprocessing = 0;
		};
		2C4663EC1BDD9EF2007CCD21 /* Sources */ = {
			isa = PBXSourcesBuildPhase;
			buildActionMask = 2147483647;
			files = (
				2C4663F51BDD9EF2007CCD21 /* WeatherUITests.swift in Sources */,
			);
			runOnlyForDeploymentPostprocessing = 0;
		};
/* End PBXSourcesBuildPhase section */

/* Begin PBXTargetDependency section */
		2C4663E71BDD9EF2007CCD21 /* PBXTargetDependency */ = {
			isa = PBXTargetDependency;
			target = 2C4663D01BDD9EF1007CCD21 /* Weather */;
			targetProxy = 2C4663E61BDD9EF2007CCD21 /* PBXContainerItemProxy */;
		};
		2C4663F21BDD9EF2007CCD21 /* PBXTargetDependency */ = {
			isa = PBXTargetDependency;
			target = 2C4663D01BDD9EF1007CCD21 /* Weather */;
			targetProxy = 2C4663F11BDD9EF2007CCD21 /* PBXContainerItemProxy */;
		};
/* End PBXTargetDependency section */

/* Begin PBXVariantGroup section */
		2C4663D81BDD9EF2007CCD21 /* Main.storyboard */ = {
			isa = PBXVariantGroup;
			children = (
				2C4663D91BDD9EF2007CCD21 /* Base */,
			);
			name = Main.storyboard;
			sourceTree = "<group>";
		};
		2C4663DD1BDD9EF2007CCD21 /* LaunchScreen.storyboard */ = {
			isa = PBXVariantGroup;
			children = (
				2C4663DE1BDD9EF2007CCD21 /* Base */,
			);
			name = LaunchScreen.storyboard;
			sourceTree = "<group>";
		};
/* End PBXVariantGroup section */

/* Begin XCBuildConfiguration section */
		2C4663F71BDD9EF2007CCD21 /* Debug */ = {
			isa = XCBuildConfiguration;
			buildSettings = {
				ALWAYS_SEARCH_USER_PATHS = NO;
				CLANG_CXX_LANGUAGE_STANDARD = "gnu++0x";
				CLANG_CXX_LIBRARY = "libc++";
				CLANG_ENABLE_MODULES = YES;
				CLANG_ENABLE_OBJC_ARC = YES;
				CLANG_WARN_BOOL_CONVERSION = YES;
				CLANG_WARN_CONSTANT_CONVERSION = YES;
				CLANG_WARN_DIRECT_OBJC_ISA_USAGE = YES_ERROR;
				CLANG_WARN_EMPTY_BODY = YES;
				CLANG_WARN_ENUM_CONVERSION = YES;
				CLANG_WARN_INT_CONVERSION = YES;
				CLANG_WARN_OBJC_ROOT_CLASS = YES_ERROR;
				CLANG_WARN_UNREACHABLE_CODE = YES;
				CLANG_WARN__DUPLICATE_METHOD_MATCH = YES;
				"CODE_SIGN_IDENTITY[sdk=iphoneos*]" = "iPhone Developer";
				COPY_PHASE_STRIP = NO;
				DEBUG_INFORMATION_FORMAT = dwarf;
				ENABLE_STRICT_OBJC_MSGSEND = YES;
				ENABLE_TESTABILITY = YES;
				GCC_C_LANGUAGE_STANDARD = gnu99;
				GCC_DYNAMIC_NO_PIC = NO;
				GCC_NO_COMMON_BLOCKS = YES;
				GCC_OPTIMIZATION_LEVEL = 0;
				GCC_PREPROCESSOR_DEFINITIONS = (
					"DEBUG=1",
					"$(inherited)",
				);
				GCC_WARN_64_TO_32_BIT_CONVERSION = YES;
				GCC_WARN_ABOUT_RETURN_TYPE = YES_ERROR;
				GCC_WARN_UNDECLARED_SELECTOR = YES;
				GCC_WARN_UNINITIALIZED_AUTOS = YES_AGGRESSIVE;
				GCC_WARN_UNUSED_FUNCTION = YES;
				GCC_WARN_UNUSED_VARIABLE = YES;
				IPHONEOS_DEPLOYMENT_TARGET = 9.1;
				MTL_ENABLE_DEBUG_INFO = YES;
				ONLY_ACTIVE_ARCH = YES;
				SDKROOT = iphoneos;
				SWIFT_OPTIMIZATION_LEVEL = "-Onone";
				TARGETED_DEVICE_FAMILY = "1,2";
			};
			name = Debug;
		};
		2C4663F81BDD9EF2007CCD21 /* Release */ = {
			isa = XCBuildConfiguration;
			buildSettings = {
				ALWAYS_SEARCH_USER_PATHS = NO;
				CLANG_CXX_LANGUAGE_STANDARD = "gnu++0x";
				CLANG_CXX_LIBRARY = "libc++";
				CLANG_ENABLE_MODULES = YES;
				CLANG_ENABLE_OBJC_ARC = YES;
				CLANG_WARN_BOOL_CONVERSION = YES;
				CLANG_WARN_CONSTANT_CONVERSION = YES;
				CLANG_WARN_DIRECT_OBJC_ISA_USAGE = YES_ERROR;
				CLANG_WARN_EMPTY_BODY = YES;
				CLANG_WARN_ENUM_CONVERSION = YES;
				CLANG_WARN_INT_CONVERSION = YES;
				CLANG_WARN_OBJC_ROOT_CLASS = YES_ERROR;
				CLANG_WARN_UNREACHABLE_CODE = YES;
				CLANG_WARN__DUPLICATE_METHOD_MATCH = YES;
				"CODE_SIGN_IDENTITY[sdk=iphoneos*]" = "iPhone Developer";
				COPY_PHASE_STRIP = NO;
				DEBUG_INFORMATION_FORMAT = "dwarf-with-dsym";
				ENABLE_NS_ASSERTIONS = NO;
				ENABLE_STRICT_OBJC_MSGSEND = YES;
				GCC_C_LANGUAGE_STANDARD = gnu99;
				GCC_NO_COMMON_BLOCKS = YES;
				GCC_WARN_64_TO_32_BIT_CONVERSION = YES;
				GCC_WARN_ABOUT_RETURN_TYPE = YES_ERROR;
				GCC_WARN_UNDECLARED_SELECTOR = YES;
				GCC_WARN_UNINITIALIZED_AUTOS = YES_AGGRESSIVE;
				GCC_WARN_UNUSED_FUNCTION = YES;
				GCC_WARN_UNUSED_VARIABLE = YES;
				IPHONEOS_DEPLOYMENT_TARGET = 9.1;
				MTL_ENABLE_DEBUG_INFO = NO;
				SDKROOT = iphoneos;
				TARGETED_DEVICE_FAMILY = "1,2";
				VALIDATE_PRODUCT = YES;
			};
			name = Release;
		};
		2C4663FA1BDD9EF2007CCD21 /* Debug */ = {
			isa = XCBuildConfiguration;
			baseConfigurationReference = 118FE2EC48D32E20544D3A5A /* Pods-Weather.debug.xcconfig */;
			buildSettings = {
				ASSETCATALOG_COMPILER_APPICON_NAME = AppIcon;
				CODE_SIGN_IDENTITY = "iPhone Developer";
				INFOPLIST_FILE = Weather/Info.plist;
				LD_RUNPATH_SEARCH_PATHS = "$(inherited) @executable_path/Frameworks";
				PRODUCT_BUNDLE_IDENTIFIER = com.12thtone.Weather;
				PRODUCT_NAME = "$(TARGET_NAME)";
			};
			name = Debug;
		};
		2C4663FB1BDD9EF2007CCD21 /* Release */ = {
			isa = XCBuildConfiguration;
			baseConfigurationReference = D34791BC140E257B77718A67 /* Pods-Weather.release.xcconfig */;
			buildSettings = {
				ASSETCATALOG_COMPILER_APPICON_NAME = AppIcon;
				CODE_SIGN_IDENTITY = "iPhone Developer";
				INFOPLIST_FILE = Weather/Info.plist;
				LD_RUNPATH_SEARCH_PATHS = "$(inherited) @executable_path/Frameworks";
				PRODUCT_BUNDLE_IDENTIFIER = com.12thtone.Weather;
				PRODUCT_NAME = "$(TARGET_NAME)";
			};
			name = Release;
		};
		2C4663FD1BDD9EF2007CCD21 /* Debug */ = {
			isa = XCBuildConfiguration;
			buildSettings = {
				BUNDLE_LOADER = "$(TEST_HOST)";
				INFOPLIST_FILE = WeatherTests/Info.plist;
				LD_RUNPATH_SEARCH_PATHS = "$(inherited) @executable_path/Frameworks @loader_path/Frameworks";
				PRODUCT_BUNDLE_IDENTIFIER = com.12thtone.WeatherTests;
				PRODUCT_NAME = "$(TARGET_NAME)";
				TEST_HOST = "$(BUILT_PRODUCTS_DIR)/Weather.app/Weather";
			};
			name = Debug;
		};
		2C4663FE1BDD9EF2007CCD21 /* Release */ = {
			isa = XCBuildConfiguration;
			buildSettings = {
				BUNDLE_LOADER = "$(TEST_HOST)";
				INFOPLIST_FILE = WeatherTests/Info.plist;
				LD_RUNPATH_SEARCH_PATHS = "$(inherited) @executable_path/Frameworks @loader_path/Frameworks";
				PRODUCT_BUNDLE_IDENTIFIER = com.12thtone.WeatherTests;
				PRODUCT_NAME = "$(TARGET_NAME)";
				TEST_HOST = "$(BUILT_PRODUCTS_DIR)/Weather.app/Weather";
			};
			name = Release;
		};
		2C4664001BDD9EF2007CCD21 /* Debug */ = {
			isa = XCBuildConfiguration;
			buildSettings = {
				INFOPLIST_FILE = WeatherUITests/Info.plist;
				LD_RUNPATH_SEARCH_PATHS = "$(inherited) @executable_path/Frameworks @loader_path/Frameworks";
				PRODUCT_BUNDLE_IDENTIFIER = com.12thtone.WeatherUITests;
				PRODUCT_NAME = "$(TARGET_NAME)";
				TEST_TARGET_NAME = Weather;
				USES_XCTRUNNER = YES;
			};
			name = Debug;
		};
		2C4664011BDD9EF2007CCD21 /* Release */ = {
			isa = XCBuildConfiguration;
			buildSettings = {
				INFOPLIST_FILE = WeatherUITests/Info.plist;
				LD_RUNPATH_SEARCH_PATHS = "$(inherited) @executable_path/Frameworks @loader_path/Frameworks";
				PRODUCT_BUNDLE_IDENTIFIER = com.12thtone.WeatherUITests;
				PRODUCT_NAME = "$(TARGET_NAME)";
				TEST_TARGET_NAME = Weather;
				USES_XCTRUNNER = YES;
			};
			name = Release;
		};
/* End XCBuildConfiguration section */

/* Begin XCConfigurationList section */
		2C4663CC1BDD9EF1007CCD21 /* Build configuration list for PBXProject "Weather" */ = {
			isa = XCConfigurationList;
			buildConfigurations = (
				2C4663F71BDD9EF2007CCD21 /* Debug */,
				2C4663F81BDD9EF2007CCD21 /* Release */,
			);
			defaultConfigurationIsVisible = 0;
			defaultConfigurationName = Release;
		};
		2C4663F91BDD9EF2007CCD21 /* Build configuration list for PBXNativeTarget "Weather" */ = {
			isa = XCConfigurationList;
			buildConfigurations = (
				2C4663FA1BDD9EF2007CCD21 /* Debug */,
				2C4663FB1BDD9EF2007CCD21 /* Release */,
			);
			defaultConfigurationIsVisible = 0;
			defaultConfigurationName = Release;
		};
		2C4663FC1BDD9EF2007CCD21 /* Build configuration list for PBXNativeTarget "WeatherTests" */ = {
			isa = XCConfigurationList;
			buildConfigurations = (
				2C4663FD1BDD9EF2007CCD21 /* Debug */,
				2C4663FE1BDD9EF2007CCD21 /* Release */,
			);
			defaultConfigurationIsVisible = 0;
			defaultConfigurationName = Release;
		};
		2C4663FF1BDD9EF2007CCD21 /* Build configuration list for PBXNativeTarget "WeatherUITests" */ = {
			isa = XCConfigurationList;
			buildConfigurations = (
				2C4664001BDD9EF2007CCD21 /* Debug */,
				2C4664011BDD9EF2007CCD21 /* Release */,
			);
			defaultConfigurationIsVisible = 0;
			defaultConfigurationName = Release;
		};
/* End XCConfigurationList section */
	};
	rootObject = 2C4663C91BDD9EF1007CCD21 /* Project object */;
}
